// !$*UTF8*$!
{
	archiveVersion = 1;
	classes = {
	};
	objectVersion = 46;
	objects = {

/* Begin PBXBuildFile section */
		1A70E2EE1B79EBFC00C20AD1 /* SimpleTransition.h in Headers */ = {isa = PBXBuildFile; fileRef = 1A70E2ED1B79EBFC00C20AD1 /* SimpleTransition.h */; settings = {ATTRIBUTES = (Public, ); }; };
		1A70E2F51B79EBFC00C20AD1 /* SimpleTransition.framework in Frameworks */ = {isa = PBXBuildFile; fileRef = 1A70E2EA1B79EBFC00C20AD1 /* SimpleTransition.framework */; };
		1A70E2FA1B79EBFC00C20AD1 /* SimpleTransitionTests.swift in Sources */ = {isa = PBXBuildFile; fileRef = 1A70E2F91B79EBFC00C20AD1 /* SimpleTransitionTests.swift */; };
		1A70E3111B79EC1200C20AD1 /* Back.swift in Sources */ = {isa = PBXBuildFile; fileRef = 1A70E3051B79EC1200C20AD1 /* Back.swift */; };
		1A70E3121B79EC1200C20AD1 /* Bounce.swift in Sources */ = {isa = PBXBuildFile; fileRef = 1A70E3061B79EC1200C20AD1 /* Bounce.swift */; };
		1A70E3131B79EC1200C20AD1 /* Circ.swift in Sources */ = {isa = PBXBuildFile; fileRef = 1A70E3071B79EC1200C20AD1 /* Circ.swift */; };
		1A70E3141B79EC1200C20AD1 /* Cubic.swift in Sources */ = {isa = PBXBuildFile; fileRef = 1A70E3081B79EC1200C20AD1 /* Cubic.swift */; };
		1A70E3151B79EC1200C20AD1 /* Elastic.swift in Sources */ = {isa = PBXBuildFile; fileRef = 1A70E3091B79EC1200C20AD1 /* Elastic.swift */; };
		1A70E3161B79EC1200C20AD1 /* Expo.swift in Sources */ = {isa = PBXBuildFile; fileRef = 1A70E30A1B79EC1200C20AD1 /* Expo.swift */; };
		1A70E3171B79EC1200C20AD1 /* Linear.swift in Sources */ = {isa = PBXBuildFile; fileRef = 1A70E30B1B79EC1200C20AD1 /* Linear.swift */; };
		1A70E3181B79EC1200C20AD1 /* Quad.swift in Sources */ = {isa = PBXBuildFile; fileRef = 1A70E30C1B79EC1200C20AD1 /* Quad.swift */; };
		1A70E3191B79EC1200C20AD1 /* Quart.swift in Sources */ = {isa = PBXBuildFile; fileRef = 1A70E30D1B79EC1200C20AD1 /* Quart.swift */; };
		1A70E31A1B79EC1200C20AD1 /* Quint.swift in Sources */ = {isa = PBXBuildFile; fileRef = 1A70E30E1B79EC1200C20AD1 /* Quint.swift */; };
		1A70E31B1B79EC1200C20AD1 /* Sine.swift in Sources */ = {isa = PBXBuildFile; fileRef = 1A70E30F1B79EC1200C20AD1 /* Sine.swift */; };
		1A70E31C1B79EC1200C20AD1 /* SimpleTransition.swift in Sources */ = {isa = PBXBuildFile; fileRef = 1A70E3101B79EC1200C20AD1 /* SimpleTransition.swift */; };
		1A97F4231BAACBA6003F6F65 /* SimpleTransitionOSX.h in Headers */ = {isa = PBXBuildFile; fileRef = 1A97F4221BAACBA6003F6F65 /* SimpleTransitionOSX.h */; settings = {ATTRIBUTES = (Public, ); }; };
		1A97F42A1BAACBA6003F6F65 /* SimpleTransitionOSX.framework in Frameworks */ = {isa = PBXBuildFile; fileRef = 1A97F4201BAACBA6003F6F65 /* SimpleTransitionOSX.framework */; };
		1A97F42F1BAACBA6003F6F65 /* SimpleTransitionOSXTests.swift in Sources */ = {isa = PBXBuildFile; fileRef = 1A97F42E1BAACBA6003F6F65 /* SimpleTransitionOSXTests.swift */; };
/* End PBXBuildFile section */

/* Begin PBXContainerItemProxy section */
		1A70E2F61B79EBFC00C20AD1 /* PBXContainerItemProxy */ = {
			isa = PBXContainerItemProxy;
			containerPortal = 1A70E2E11B79EBFC00C20AD1 /* Project object */;
			proxyType = 1;
			remoteGlobalIDString = 1A70E2E91B79EBFC00C20AD1;
			remoteInfo = SimpleTransition;
		};
		1A97F42B1BAACBA6003F6F65 /* PBXContainerItemProxy */ = {
			isa = PBXContainerItemProxy;
			containerPortal = 1A70E2E11B79EBFC00C20AD1 /* Project object */;
			proxyType = 1;
			remoteGlobalIDString = 1A97F41F1BAACBA6003F6F65;
			remoteInfo = "SimpleTransition-OSX";
		};
/* End PBXContainerItemProxy section */

/* Begin PBXFileReference section */
		1A70E2EA1B79EBFC00C20AD1 /* SimpleTransition.framework */ = {isa = PBXFileReference; explicitFileType = wrapper.framework; includeInIndex = 0; path = SimpleTransition.framework; sourceTree = BUILT_PRODUCTS_DIR; };
		1A70E2ED1B79EBFC00C20AD1 /* SimpleTransition.h */ = {isa = PBXFileReference; lastKnownFileType = sourcecode.c.h; path = SimpleTransition.h; sourceTree = "<group>"; };
		1A70E2EF1B79EBFC00C20AD1 /* Info.plist */ = {isa = PBXFileReference; lastKnownFileType = text.plist.xml; path = Info.plist; sourceTree = "<group>"; };
		1A70E2F41B79EBFC00C20AD1 /* SimpleTransitionTests.xctest */ = {isa = PBXFileReference; explicitFileType = wrapper.cfbundle; includeInIndex = 0; path = SimpleTransitionTests.xctest; sourceTree = BUILT_PRODUCTS_DIR; };
		1A70E2F91B79EBFC00C20AD1 /* SimpleTransitionTests.swift */ = {isa = PBXFileReference; lastKnownFileType = sourcecode.swift; path = SimpleTransitionTests.swift; sourceTree = "<group>"; };
		1A70E2FB1B79EBFC00C20AD1 /* Info.plist */ = {isa = PBXFileReference; lastKnownFileType = text.plist.xml; path = Info.plist; sourceTree = "<group>"; };
		1A70E3051B79EC1200C20AD1 /* Back.swift */ = {isa = PBXFileReference; fileEncoding = 4; lastKnownFileType = sourcecode.swift; path = Back.swift; sourceTree = "<group>"; };
		1A70E3061B79EC1200C20AD1 /* Bounce.swift */ = {isa = PBXFileReference; fileEncoding = 4; lastKnownFileType = sourcecode.swift; path = Bounce.swift; sourceTree = "<group>"; };
		1A70E3071B79EC1200C20AD1 /* Circ.swift */ = {isa = PBXFileReference; fileEncoding = 4; lastKnownFileType = sourcecode.swift; path = Circ.swift; sourceTree = "<group>"; };
		1A70E3081B79EC1200C20AD1 /* Cubic.swift */ = {isa = PBXFileReference; fileEncoding = 4; lastKnownFileType = sourcecode.swift; path = Cubic.swift; sourceTree = "<group>"; };
		1A70E3091B79EC1200C20AD1 /* Elastic.swift */ = {isa = PBXFileReference; fileEncoding = 4; lastKnownFileType = sourcecode.swift; path = Elastic.swift; sourceTree = "<group>"; };
		1A70E30A1B79EC1200C20AD1 /* Expo.swift */ = {isa = PBXFileReference; fileEncoding = 4; lastKnownFileType = sourcecode.swift; path = Expo.swift; sourceTree = "<group>"; };
		1A70E30B1B79EC1200C20AD1 /* Linear.swift */ = {isa = PBXFileReference; fileEncoding = 4; lastKnownFileType = sourcecode.swift; path = Linear.swift; sourceTree = "<group>"; };
		1A70E30C1B79EC1200C20AD1 /* Quad.swift */ = {isa = PBXFileReference; fileEncoding = 4; lastKnownFileType = sourcecode.swift; path = Quad.swift; sourceTree = "<group>"; };
		1A70E30D1B79EC1200C20AD1 /* Quart.swift */ = {isa = PBXFileReference; fileEncoding = 4; lastKnownFileType = sourcecode.swift; path = Quart.swift; sourceTree = "<group>"; };
		1A70E30E1B79EC1200C20AD1 /* Quint.swift */ = {isa = PBXFileReference; fileEncoding = 4; lastKnownFileType = sourcecode.swift; path = Quint.swift; sourceTree = "<group>"; };
		1A70E30F1B79EC1200C20AD1 /* Sine.swift */ = {isa = PBXFileReference; fileEncoding = 4; lastKnownFileType = sourcecode.swift; path = Sine.swift; sourceTree = "<group>"; };
		1A70E3101B79EC1200C20AD1 /* SimpleTransition.swift */ = {isa = PBXFileReference; fileEncoding = 4; lastKnownFileType = sourcecode.swift; path = SimpleTransition.swift; sourceTree = "<group>"; };
		1A97F4201BAACBA6003F6F65 /* SimpleTransitionOSX.framework */ = {isa = PBXFileReference; explicitFileType = wrapper.framework; includeInIndex = 0; path = SimpleTransitionOSX.framework; sourceTree = BUILT_PRODUCTS_DIR; };
		1A97F4221BAACBA6003F6F65 /* SimpleTransitionOSX.h */ = {isa = PBXFileReference; lastKnownFileType = sourcecode.c.h; path = SimpleTransitionOSX.h; sourceTree = "<group>"; };
		1A97F4241BAACBA6003F6F65 /* Info.plist */ = {isa = PBXFileReference; lastKnownFileType = text.plist.xml; path = Info.plist; sourceTree = "<group>"; };
		1A97F4291BAACBA6003F6F65 /* SimpleTransition-OSXTests.xctest */ = {isa = PBXFileReference; explicitFileType = wrapper.cfbundle; includeInIndex = 0; path = "SimpleTransition-OSXTests.xctest"; sourceTree = BUILT_PRODUCTS_DIR; };
		1A97F42E1BAACBA6003F6F65 /* SimpleTransitionOSXTests.swift */ = {isa = PBXFileReference; lastKnownFileType = sourcecode.swift; path = SimpleTransitionOSXTests.swift; sourceTree = "<group>"; };
		1A97F4301BAACBA6003F6F65 /* Info.plist */ = {isa = PBXFileReference; lastKnownFileType = text.plist.xml; path = Info.plist; sourceTree = "<group>"; };
/* End PBXFileReference section */

/* Begin PBXFrameworksBuildPhase section */
		1A70E2E61B79EBFC00C20AD1 /* Frameworks */ = {
			isa = PBXFrameworksBuildPhase;
			buildActionMask = 2147483647;
			files = (
			);
			runOnlyForDeploymentPostprocessing = 0;
		};
		1A70E2F11B79EBFC00C20AD1 /* Frameworks */ = {
			isa = PBXFrameworksBuildPhase;
			buildActionMask = 2147483647;
			files = (
				1A70E2F51B79EBFC00C20AD1 /* SimpleTransition.framework in Frameworks */,
			);
			runOnlyForDeploymentPostprocessing = 0;
		};
		1A97F41C1BAACBA6003F6F65 /* Frameworks */ = {
			isa = PBXFrameworksBuildPhase;
			buildActionMask = 2147483647;
			files = (
			);
			runOnlyForDeploymentPostprocessing = 0;
		};
		1A97F4261BAACBA6003F6F65 /* Frameworks */ = {
			isa = PBXFrameworksBuildPhase;
			buildActionMask = 2147483647;
			files = (
				1A97F42A1BAACBA6003F6F65 /* SimpleTransitionOSX.framework in Frameworks */,
			);
			runOnlyForDeploymentPostprocessing = 0;
		};
/* End PBXFrameworksBuildPhase section */

/* Begin PBXGroup section */
		1A70E2E01B79EBFC00C20AD1 = {
			isa = PBXGroup;
			children = (
				1A70E2EC1B79EBFC00C20AD1 /* SimpleTransition */,
				1A70E2F81B79EBFC00C20AD1 /* SimpleTransitionTests */,
				1A97F4211BAACBA6003F6F65 /* SimpleTransitionOSX */,
				1A97F42D1BAACBA6003F6F65 /* SimpleTransitionOSXTests */,
				1A70E2EB1B79EBFC00C20AD1 /* Products */,
			);
			sourceTree = "<group>";
		};
		1A70E2EB1B79EBFC00C20AD1 /* Products */ = {
			isa = PBXGroup;
			children = (
				1A70E2EA1B79EBFC00C20AD1 /* SimpleTransition.framework */,
				1A70E2F41B79EBFC00C20AD1 /* SimpleTransitionTests.xctest */,
				1A97F4201BAACBA6003F6F65 /* SimpleTransitionOSX.framework */,
				1A97F4291BAACBA6003F6F65 /* SimpleTransition-OSXTests.xctest */,
			);
			name = Products;
			sourceTree = "<group>";
		};
		1A70E2EC1B79EBFC00C20AD1 /* SimpleTransition */ = {
			isa = PBXGroup;
			children = (
				1A70E2ED1B79EBFC00C20AD1 /* SimpleTransition.h */,
				1A70E3101B79EC1200C20AD1 /* SimpleTransition.swift */,
				1A70E3041B79EC1200C20AD1 /* Easing */,
				1A70E2EF1B79EBFC00C20AD1 /* Info.plist */,
			);
			path = SimpleTransition;
			sourceTree = "<group>";
		};
		1A70E2F81B79EBFC00C20AD1 /* SimpleTransitionTests */ = {
			isa = PBXGroup;
			children = (
				1A70E2F91B79EBFC00C20AD1 /* SimpleTransitionTests.swift */,
				1A70E2FB1B79EBFC00C20AD1 /* Info.plist */,
			);
			path = SimpleTransitionTests;
			sourceTree = "<group>";
		};
		1A70E3041B79EC1200C20AD1 /* Easing */ = {
			isa = PBXGroup;
			children = (
				1A70E30B1B79EC1200C20AD1 /* Linear.swift */,
				1A70E30F1B79EC1200C20AD1 /* Sine.swift */,
				1A70E30D1B79EC1200C20AD1 /* Quart.swift */,
				1A70E3081B79EC1200C20AD1 /* Cubic.swift */,
				1A70E30C1B79EC1200C20AD1 /* Quad.swift */,
				1A70E30E1B79EC1200C20AD1 /* Quint.swift */,
				1A70E30A1B79EC1200C20AD1 /* Expo.swift */,
				1A70E3071B79EC1200C20AD1 /* Circ.swift */,
				1A70E3051B79EC1200C20AD1 /* Back.swift */,
				1A70E3091B79EC1200C20AD1 /* Elastic.swift */,
				1A70E3061B79EC1200C20AD1 /* Bounce.swift */,
			);
			path = Easing;
			sourceTree = "<group>";
		};
		1A97F4211BAACBA6003F6F65 /* SimpleTransitionOSX */ = {
			isa = PBXGroup;
			children = (
				1A97F4221BAACBA6003F6F65 /* SimpleTransitionOSX.h */,
				1A97F4241BAACBA6003F6F65 /* Info.plist */,
			);
			name = SimpleTransitionOSX;
			path = "SimpleTransition-OSX";
			sourceTree = "<group>";
		};
		1A97F42D1BAACBA6003F6F65 /* SimpleTransitionOSXTests */ = {
			isa = PBXGroup;
			children = (
				1A97F42E1BAACBA6003F6F65 /* SimpleTransitionOSXTests.swift */,
				1A97F4301BAACBA6003F6F65 /* Info.plist */,
			);
			name = SimpleTransitionOSXTests;
			path = "SimpleTransition-OSXTests";
			sourceTree = "<group>";
		};
/* End PBXGroup section */

/* Begin PBXHeadersBuildPhase section */
		1A70E2E71B79EBFC00C20AD1 /* Headers */ = {
			isa = PBXHeadersBuildPhase;
			buildActionMask = 2147483647;
			files = (
				1A70E2EE1B79EBFC00C20AD1 /* SimpleTransition.h in Headers */,
			);
			runOnlyForDeploymentPostprocessing = 0;
		};
		1A97F41D1BAACBA6003F6F65 /* Headers */ = {
			isa = PBXHeadersBuildPhase;
			buildActionMask = 2147483647;
			files = (
				1A97F4231BAACBA6003F6F65 /* SimpleTransitionOSX.h in Headers */,
			);
			runOnlyForDeploymentPostprocessing = 0;
		};
/* End PBXHeadersBuildPhase section */

/* Begin PBXNativeTarget section */
		1A70E2E91B79EBFC00C20AD1 /* SimpleTransition */ = {
			isa = PBXNativeTarget;
			buildConfigurationList = 1A70E2FE1B79EBFC00C20AD1 /* Build configuration list for PBXNativeTarget "SimpleTransition" */;
			buildPhases = (
				1A70E2E51B79EBFC00C20AD1 /* Sources */,
				1A70E2E61B79EBFC00C20AD1 /* Frameworks */,
				1A70E2E71B79EBFC00C20AD1 /* Headers */,
				1A70E2E81B79EBFC00C20AD1 /* Resources */,
			);
			buildRules = (
			);
			dependencies = (
			);
			name = SimpleTransition;
			productName = SimpleTransition;
			productReference = 1A70E2EA1B79EBFC00C20AD1 /* SimpleTransition.framework */;
			productType = "com.apple.product-type.framework";
		};
		1A70E2F31B79EBFC00C20AD1 /* SimpleTransitionTests */ = {
			isa = PBXNativeTarget;
			buildConfigurationList = 1A70E3011B79EBFC00C20AD1 /* Build configuration list for PBXNativeTarget "SimpleTransitionTests" */;
			buildPhases = (
				1A70E2F01B79EBFC00C20AD1 /* Sources */,
				1A70E2F11B79EBFC00C20AD1 /* Frameworks */,
				1A70E2F21B79EBFC00C20AD1 /* Resources */,
			);
			buildRules = (
			);
			dependencies = (
				1A70E2F71B79EBFC00C20AD1 /* PBXTargetDependency */,
			);
			name = SimpleTransitionTests;
			productName = SimpleTransitionTests;
			productReference = 1A70E2F41B79EBFC00C20AD1 /* SimpleTransitionTests.xctest */;
			productType = "com.apple.product-type.bundle.unit-test";
		};
		1A97F41F1BAACBA6003F6F65 /* SimpleTransitionOSX */ = {
			isa = PBXNativeTarget;
			buildConfigurationList = 1A97F4351BAACBA6003F6F65 /* Build configuration list for PBXNativeTarget "SimpleTransitionOSX" */;
			buildPhases = (
				1A97F41B1BAACBA6003F6F65 /* Sources */,
				1A97F41C1BAACBA6003F6F65 /* Frameworks */,
				1A97F41D1BAACBA6003F6F65 /* Headers */,
				1A97F41E1BAACBA6003F6F65 /* Resources */,
			);
			buildRules = (
			);
			dependencies = (
			);
			name = SimpleTransitionOSX;
			productName = "SimpleTransition-OSX";
			productReference = 1A97F4201BAACBA6003F6F65 /* SimpleTransitionOSX.framework */;
			productType = "com.apple.product-type.framework";
		};
		1A97F4281BAACBA6003F6F65 /* SimpleTransition-OSXTests */ = {
			isa = PBXNativeTarget;
			buildConfigurationList = 1A97F4361BAACBA6003F6F65 /* Build configuration list for PBXNativeTarget "SimpleTransition-OSXTests" */;
			buildPhases = (
				1A97F4251BAACBA6003F6F65 /* Sources */,
				1A97F4261BAACBA6003F6F65 /* Frameworks */,
				1A97F4271BAACBA6003F6F65 /* Resources */,
			);
			buildRules = (
			);
			dependencies = (
				1A97F42C1BAACBA6003F6F65 /* PBXTargetDependency */,
			);
			name = "SimpleTransition-OSXTests";
			productName = "SimpleTransition-OSXTests";
			productReference = 1A97F4291BAACBA6003F6F65 /* SimpleTransition-OSXTests.xctest */;
			productType = "com.apple.product-type.bundle.unit-test";
		};
/* End PBXNativeTarget section */

/* Begin PBXProject section */
		1A70E2E11B79EBFC00C20AD1 /* Project object */ = {
			isa = PBXProject;
			attributes = {
				LastSwiftUpdateCheck = 0700;
				LastUpgradeCheck = 0820;
				ORGANIZATIONNAME = "machida hideyuki";
				TargetAttributes = {
					1A70E2E91B79EBFC00C20AD1 = {
						CreatedOnToolsVersion = 7.0;
						LastSwiftMigration = 0820;
						ProvisioningStyle = Manual;
					};
					1A70E2F31B79EBFC00C20AD1 = {
						CreatedOnToolsVersion = 7.0;
						LastSwiftMigration = 0820;
					};
					1A97F41F1BAACBA6003F6F65 = {
						CreatedOnToolsVersion = 7.0;
					};
					1A97F4281BAACBA6003F6F65 = {
						CreatedOnToolsVersion = 7.0;
					};
				};
			};
			buildConfigurationList = 1A70E2E41B79EBFC00C20AD1 /* Build configuration list for PBXProject "SimpleTransition" */;
			compatibilityVersion = "Xcode 3.2";
			developmentRegion = English;
			hasScannedForEncodings = 0;
			knownRegions = (
				en,
			);
			mainGroup = 1A70E2E01B79EBFC00C20AD1;
			productRefGroup = 1A70E2EB1B79EBFC00C20AD1 /* Products */;
			projectDirPath = "";
			projectRoot = "";
			targets = (
				1A70E2E91B79EBFC00C20AD1 /* SimpleTransition */,
				1A70E2F31B79EBFC00C20AD1 /* SimpleTransitionTests */,
				1A97F41F1BAACBA6003F6F65 /* SimpleTransitionOSX */,
				1A97F4281BAACBA6003F6F65 /* SimpleTransition-OSXTests */,
			);
		};
/* End PBXProject section */

/* Begin PBXResourcesBuildPhase section */
		1A70E2E81B79EBFC00C20AD1 /* Resources */ = {
			isa = PBXResourcesBuildPhase;
			buildActionMask = 2147483647;
			files = (
			);
			runOnlyForDeploymentPostprocessing = 0;
		};
		1A70E2F21B79EBFC00C20AD1 /* Resources */ = {
			isa = PBXResourcesBuildPhase;
			buildActionMask = 2147483647;
			files = (
			);
			runOnlyForDeploymentPostprocessing = 0;
		};
		1A97F41E1BAACBA6003F6F65 /* Resources */ = {
			isa = PBXResourcesBuildPhase;
			buildActionMask = 2147483647;
			files = (
			);
			runOnlyForDeploymentPostprocessing = 0;
		};
		1A97F4271BAACBA6003F6F65 /* Resources */ = {
			isa = PBXResourcesBuildPhase;
			buildActionMask = 2147483647;
			files = (
			);
			runOnlyForDeploymentPostprocessing = 0;
		};
/* End PBXResourcesBuildPhase section */

/* Begin PBXSourcesBuildPhase section */
		1A70E2E51B79EBFC00C20AD1 /* Sources */ = {
			isa = PBXSourcesBuildPhase;
			buildActionMask = 2147483647;
			files = (
				1A70E3181B79EC1200C20AD1 /* Quad.swift in Sources */,
				1A70E31B1B79EC1200C20AD1 /* Sine.swift in Sources */,
				1A70E3141B79EC1200C20AD1 /* Cubic.swift in Sources */,
				1A70E3161B79EC1200C20AD1 /* Expo.swift in Sources */,
				1A70E3171B79EC1200C20AD1 /* Linear.swift in Sources */,
				1A70E3111B79EC1200C20AD1 /* Back.swift in Sources */,
				1A70E31A1B79EC1200C20AD1 /* Quint.swift in Sources */,
				1A70E3121B79EC1200C20AD1 /* Bounce.swift in Sources */,
				1A70E31C1B79EC1200C20AD1 /* SimpleTransition.swift in Sources */,
				1A70E3191B79EC1200C20AD1 /* Quart.swift in Sources */,
				1A70E3151B79EC1200C20AD1 /* Elastic.swift in Sources */,
				1A70E3131B79EC1200C20AD1 /* Circ.swift in Sources */,
			);
			runOnlyForDeploymentPostprocessing = 0;
		};
		1A70E2F01B79EBFC00C20AD1 /* Sources */ = {
			isa = PBXSourcesBuildPhase;
			buildActionMask = 2147483647;
			files = (
				1A70E2FA1B79EBFC00C20AD1 /* SimpleTransitionTests.swift in Sources */,
			);
			runOnlyForDeploymentPostprocessing = 0;
		};
		1A97F41B1BAACBA6003F6F65 /* Sources */ = {
			isa = PBXSourcesBuildPhase;
			buildActionMask = 2147483647;
			files = (
			);
			runOnlyForDeploymentPostprocessing = 0;
		};
		1A97F4251BAACBA6003F6F65 /* Sources */ = {
			isa = PBXSourcesBuildPhase;
			buildActionMask = 2147483647;
			files = (
				1A97F42F1BAACBA6003F6F65 /* SimpleTransitionOSXTests.swift in Sources */,
			);
			runOnlyForDeploymentPostprocessing = 0;
		};
/* End PBXSourcesBuildPhase section */

/* Begin PBXTargetDependency section */
		1A70E2F71B79EBFC00C20AD1 /* PBXTargetDependency */ = {
			isa = PBXTargetDependency;
			target = 1A70E2E91B79EBFC00C20AD1 /* SimpleTransition */;
			targetProxy = 1A70E2F61B79EBFC00C20AD1 /* PBXContainerItemProxy */;
		};
		1A97F42C1BAACBA6003F6F65 /* PBXTargetDependency */ = {
			isa = PBXTargetDependency;
			target = 1A97F41F1BAACBA6003F6F65 /* SimpleTransitionOSX */;
			targetProxy = 1A97F42B1BAACBA6003F6F65 /* PBXContainerItemProxy */;
		};
/* End PBXTargetDependency section */

/* Begin XCBuildConfiguration section */
		1A70E2FC1B79EBFC00C20AD1 /* Debug */ = {
			isa = XCBuildConfiguration;
			buildSettings = {
				ALWAYS_SEARCH_USER_PATHS = NO;
				CLANG_CXX_LANGUAGE_STANDARD = "gnu++0x";
				CLANG_CXX_LIBRARY = "libc++";
				CLANG_ENABLE_MODULES = YES;
				CLANG_ENABLE_OBJC_ARC = YES;
				CLANG_WARN_BOOL_CONVERSION = YES;
				CLANG_WARN_CONSTANT_CONVERSION = YES;
				CLANG_WARN_DIRECT_OBJC_ISA_USAGE = YES_ERROR;
				CLANG_WARN_EMPTY_BODY = YES;
				CLANG_WARN_ENUM_CONVERSION = YES;
				CLANG_WARN_INFINITE_RECURSION = YES;
				CLANG_WARN_INT_CONVERSION = YES;
				CLANG_WARN_OBJC_ROOT_CLASS = YES_ERROR;
				CLANG_WARN_SUSPICIOUS_MOVE = YES;
				CLANG_WARN_UNREACHABLE_CODE = YES;
				CLANG_WARN__DUPLICATE_METHOD_MATCH = YES;
				"CODE_SIGN_IDENTITY[sdk=iphoneos*]" = "iPhone Developer";
				COPY_PHASE_STRIP = NO;
				CURRENT_PROJECT_VERSION = 1;
				DEBUG_INFORMATION_FORMAT = dwarf;
				ENABLE_STRICT_OBJC_MSGSEND = YES;
				ENABLE_TESTABILITY = YES;
				GCC_C_LANGUAGE_STANDARD = gnu99;
				GCC_DYNAMIC_NO_PIC = NO;
				GCC_NO_COMMON_BLOCKS = YES;
				GCC_OPTIMIZATION_LEVEL = 0;
				GCC_PREPROCESSOR_DEFINITIONS = (
					"DEBUG=1",
					"$(inherited)",
				);
				GCC_WARN_64_TO_32_BIT_CONVERSION = YES;
				GCC_WARN_ABOUT_RETURN_TYPE = YES_ERROR;
				GCC_WARN_UNDECLARED_SELECTOR = YES;
				GCC_WARN_UNINITIALIZED_AUTOS = YES_AGGRESSIVE;
				GCC_WARN_UNUSED_FUNCTION = YES;
				GCC_WARN_UNUSED_VARIABLE = YES;
				IPHONEOS_DEPLOYMENT_TARGET = 9.0;
				MTL_ENABLE_DEBUG_INFO = YES;
				ONLY_ACTIVE_ARCH = YES;
				SDKROOT = iphoneos;
				SWIFT_OPTIMIZATION_LEVEL = "-Onone";
				TARGETED_DEVICE_FAMILY = "1,2";
				VERSIONING_SYSTEM = "apple-generic";
				VERSION_INFO_PREFIX = "";
			};
			name = Debug;
		};
		1A70E2FD1B79EBFC00C20AD1 /* Release */ = {
			isa = XCBuildConfiguration;
			buildSettings = {
				ALWAYS_SEARCH_USER_PATHS = NO;
				CLANG_CXX_LANGUAGE_STANDARD = "gnu++0x";
				CLANG_CXX_LIBRARY = "libc++";
				CLANG_ENABLE_MODULES = YES;
				CLANG_ENABLE_OBJC_ARC = YES;
				CLANG_WARN_BOOL_CONVERSION = YES;
				CLANG_WARN_CONSTANT_CONVERSION = YES;
				CLANG_WARN_DIRECT_OBJC_ISA_USAGE = YES_ERROR;
				CLANG_WARN_EMPTY_BODY = YES;
				CLANG_WARN_ENUM_CONVERSION = YES;
				CLANG_WARN_INFINITE_RECURSION = YES;
				CLANG_WARN_INT_CONVERSION = YES;
				CLANG_WARN_OBJC_ROOT_CLASS = YES_ERROR;
				CLANG_WARN_SUSPICIOUS_MOVE = YES;
				CLANG_WARN_UNREACHABLE_CODE = YES;
				CLANG_WARN__DUPLICATE_METHOD_MATCH = YES;
				"CODE_SIGN_IDENTITY[sdk=iphoneos*]" = "iPhone Developer";
				COPY_PHASE_STRIP = NO;
				CURRENT_PROJECT_VERSION = 1;
				DEBUG_INFORMATION_FORMAT = "dwarf-with-dsym";
				ENABLE_NS_ASSERTIONS = NO;
				ENABLE_STRICT_OBJC_MSGSEND = YES;
				GCC_C_LANGUAGE_STANDARD = gnu99;
				GCC_NO_COMMON_BLOCKS = YES;
				GCC_WARN_64_TO_32_BIT_CONVERSION = YES;
				GCC_WARN_ABOUT_RETURN_TYPE = YES_ERROR;
				GCC_WARN_UNDECLARED_SELECTOR = YES;
				GCC_WARN_UNINITIALIZED_AUTOS = YES_AGGRESSIVE;
				GCC_WARN_UNUSED_FUNCTION = YES;
				GCC_WARN_UNUSED_VARIABLE = YES;
				IPHONEOS_DEPLOYMENT_TARGET = 9.0;
				MTL_ENABLE_DEBUG_INFO = NO;
				SDKROOT = iphoneos;
				SWIFT_OPTIMIZATION_LEVEL = "-Owholemodule";
				TARGETED_DEVICE_FAMILY = "1,2";
				VALIDATE_PRODUCT = YES;
				VERSIONING_SYSTEM = "apple-generic";
				VERSION_INFO_PREFIX = "";
			};
			name = Release;
		};
		1A70E2FF1B79EBFC00C20AD1 /* Debug */ = {
			isa = XCBuildConfiguration;
			buildSettings = {
				CLANG_ENABLE_MODULES = YES;
				"CODE_SIGN_IDENTITY[sdk=iphoneos*]" = "";
				DEFINES_MODULE = YES;
				DEVELOPMENT_TEAM = "";
				DYLIB_COMPATIBILITY_VERSION = 1;
				DYLIB_CURRENT_VERSION = 1;
				DYLIB_INSTALL_NAME_BASE = "@rpath";
				INFOPLIST_FILE = SimpleTransition/Info.plist;
				INSTALL_PATH = "$(LOCAL_LIBRARY_DIR)/Frameworks";
				IPHONEOS_DEPLOYMENT_TARGET = 8.0;
				LD_RUNPATH_SEARCH_PATHS = "$(inherited) @executable_path/Frameworks @loader_path/Frameworks";
				PRODUCT_BUNDLE_IDENTIFIER = "Animate-Identify.SimpleTransition";
				PRODUCT_NAME = "$(TARGET_NAME)";
				SKIP_INSTALL = YES;
				SWIFT_OPTIMIZATION_LEVEL = "-Onone";
				SWIFT_VERSION = 3.0;
			};
			name = Debug;
		};
		1A70E3001B79EBFC00C20AD1 /* Release */ = {
			isa = XCBuildConfiguration;
			buildSettings = {
				CLANG_ENABLE_MODULES = YES;
				"CODE_SIGN_IDENTITY[sdk=iphoneos*]" = "";
				DEFINES_MODULE = YES;
				DEVELOPMENT_TEAM = "";
				DYLIB_COMPATIBILITY_VERSION = 1;
				DYLIB_CURRENT_VERSION = 1;
				DYLIB_INSTALL_NAME_BASE = "@rpath";
				INFOPLIST_FILE = SimpleTransition/Info.plist;
				INSTALL_PATH = "$(LOCAL_LIBRARY_DIR)/Frameworks";
				IPHONEOS_DEPLOYMENT_TARGET = 8.0;
				LD_RUNPATH_SEARCH_PATHS = "$(inherited) @executable_path/Frameworks @loader_path/Frameworks";
				PRODUCT_BUNDLE_IDENTIFIER = "Animate-Identify.SimpleTransition";
				PRODUCT_NAME = "$(TARGET_NAME)";
				SKIP_INSTALL = YES;
				SWIFT_VERSION = 3.0;
			};
			name = Release;
		};
		1A70E3021B79EBFC00C20AD1 /* Debug */ = {
			isa = XCBuildConfiguration;
			buildSettings = {
				INFOPLIST_FILE = SimpleTransitionTests/Info.plist;
				LD_RUNPATH_SEARCH_PATHS = "$(inherited) @executable_path/Frameworks @loader_path/Frameworks";
				PRODUCT_BUNDLE_IDENTIFIER = "Animate-Identify.SimpleTransitionTests";
				PRODUCT_NAME = "$(TARGET_NAME)";
				SWIFT_VERSION = 3.0;
			};
			name = Debug;
		};
		1A70E3031B79EBFC00C20AD1 /* Release */ = {
			isa = XCBuildConfiguration;
			buildSettings = {
				INFOPLIST_FILE = SimpleTransitionTests/Info.plist;
				LD_RUNPATH_SEARCH_PATHS = "$(inherited) @executable_path/Frameworks @loader_path/Frameworks";
				PRODUCT_BUNDLE_IDENTIFIER = "Animate-Identify.SimpleTransitionTests";
				PRODUCT_NAME = "$(TARGET_NAME)";
				SWIFT_VERSION = 3.0;
			};
			name = Release;
		};
		1A97F4311BAACBA6003F6F65 /* Debug */ = {
			isa = XCBuildConfiguration;
			buildSettings = {
				COMBINE_HIDPI_IMAGES = YES;
				DEFINES_MODULE = YES;
				DYLIB_COMPATIBILITY_VERSION = 1;
				DYLIB_CURRENT_VERSION = 1;
				DYLIB_INSTALL_NAME_BASE = "@rpath";
				FRAMEWORK_VERSION = A;
				INFOPLIST_FILE = "SimpleTransition-OSX/Info.plist";
				INSTALL_PATH = "$(LOCAL_LIBRARY_DIR)/Frameworks";
				LD_RUNPATH_SEARCH_PATHS = "$(inherited) @executable_path/../Frameworks @loader_path/Frameworks";
				MACOSX_DEPLOYMENT_TARGET = 10.10;
				PRODUCT_BUNDLE_IDENTIFIER = "Animate-Identify.SimpleTransitionOSX";
				PRODUCT_NAME = "$(TARGET_NAME)";
				SDKROOT = macosx;
				SKIP_INSTALL = YES;
			};
			name = Debug;
		};
		1A97F4321BAACBA6003F6F65 /* Release */ = {
			isa = XCBuildConfiguration;
			buildSettings = {
				COMBINE_HIDPI_IMAGES = YES;
				DEFINES_MODULE = YES;
				DYLIB_COMPATIBILITY_VERSION = 1;
				DYLIB_CURRENT_VERSION = 1;
				DYLIB_INSTALL_NAME_BASE = "@rpath";
				FRAMEWORK_VERSION = A;
				INFOPLIST_FILE = "SimpleTransition-OSX/Info.plist";
				INSTALL_PATH = "$(LOCAL_LIBRARY_DIR)/Frameworks";
				LD_RUNPATH_SEARCH_PATHS = "$(inherited) @executable_path/../Frameworks @loader_path/Frameworks";
				MACOSX_DEPLOYMENT_TARGET = 10.10;
				PRODUCT_BUNDLE_IDENTIFIER = "Animate-Identify.SimpleTransitionOSX";
				PRODUCT_NAME = "$(TARGET_NAME)";
				SDKROOT = macosx;
				SKIP_INSTALL = YES;
			};
			name = Release;
		};
		1A97F4331BAACBA6003F6F65 /* Debug */ = {
			isa = XCBuildConfiguration;
			buildSettings = {
				COMBINE_HIDPI_IMAGES = YES;
				INFOPLIST_FILE = "SimpleTransition-OSXTests/Info.plist";
				LD_RUNPATH_SEARCH_PATHS = "$(inherited) @executable_path/../Frameworks @loader_path/../Frameworks";
				MACOSX_DEPLOYMENT_TARGET = 10.11;
				PRODUCT_BUNDLE_IDENTIFIER = "Animate-Identify.SimpleTransition-OSXTests";
				PRODUCT_NAME = "$(TARGET_NAME)";
				SDKROOT = macosx;
			};
			name = Debug;
		};
		1A97F4341BAACBA6003F6F65 /* Release */ = {
			isa = XCBuildConfiguration;
			buildSettings = {
				COMBINE_HIDPI_IMAGES = YES;
				INFOPLIST_FILE = "SimpleTransition-OSXTests/Info.plist";
				LD_RUNPATH_SEARCH_PATHS = "$(inherited) @executable_path/../Frameworks @loader_path/../Frameworks";
				MACOSX_DEPLOYMENT_TARGET = 10.11;
				PRODUCT_BUNDLE_IDENTIFIER = "Animate-Identify.SimpleTransition-OSXTests";
				PRODUCT_NAME = "$(TARGET_NAME)";
				SDKROOT = macosx;
			};
			name = Release;
		};
/* End XCBuildConfiguration section */

/* Begin XCConfigurationList section */
		1A70E2E41B79EBFC00C20AD1 /* Build configuration list for PBXProject "SimpleTransition" */ = {
			isa = XCConfigurationList;
			buildConfigurations = (
				1A70E2FC1B79EBFC00C20AD1 /* Debug */,
				1A70E2FD1B79EBFC00C20AD1 /* Release */,
			);
			defaultConfigurationIsVisible = 0;
			defaultConfigurationName = Release;
		};
		1A70E2FE1B79EBFC00C20AD1 /* Build configuration list for PBXNativeTarget "SimpleTransition" */ = {
			isa = XCConfigurationList;
			buildConfigurations = (
				1A70E2FF1B79EBFC00C20AD1 /* Debug */,
				1A70E3001B79EBFC00C20AD1 /* Release */,
			);
			defaultConfigurationIsVisible = 0;
			defaultConfigurationName = Release;
		};
		1A70E3011B79EBFC00C20AD1 /* Build configuration list for PBXNativeTarget "SimpleTransitionTests" */ = {
			isa = XCConfigurationList;
			buildConfigurations = (
				1A70E3021B79EBFC00C20AD1 /* Debug */,
				1A70E3031B79EBFC00C20AD1 /* Release */,
			);
			defaultConfigurationIsVisible = 0;
			defaultConfigurationName = Release;
		};
		1A97F4351BAACBA6003F6F65 /* Build configuration list for PBXNativeTarget "SimpleTransitionOSX" */ = {
			isa = XCConfigurationList;
			buildConfigurations = (
				1A97F4311BAACBA6003F6F65 /* Debug */,
				1A97F4321BAACBA6003F6F65 /* Release */,
			);
			defaultConfigurationIsVisible = 0;
			defaultConfigurationName = Release;
		};
		1A97F4361BAACBA6003F6F65 /* Build configuration list for PBXNativeTarget "SimpleTransition-OSXTests" */ = {
			isa = XCConfigurationList;
			buildConfigurations = (
				1A97F4331BAACBA6003F6F65 /* Debug */,
				1A97F4341BAACBA6003F6F65 /* Release */,
			);
			defaultConfigurationIsVisible = 0;
			defaultConfigurationName = Release;
		};
/* End XCConfigurationList section */
	};
	rootObject = 1A70E2E11B79EBFC00C20AD1 /* Project object */;
}
